
Microsoft Visual Studio Solution File, Format Version 12.00
# Visual Studio 15
VisualStudioVersion = 15.0.28307.539
MinimumVisualStudioVersion = 10.0.40219.1
Project("{FAE04EC0-301F-11D3-BF4B-00C04F79EFBC}") = "Pexeso", "Pexeso\Pexeso.csproj", "{5F6E5BED-F389-415D-B58A-9671A3EFF549}"
EndProject
Global
	GlobalSection(SolutionConfigurationPlatforms) = preSolution
		Debug|Any CPU = Debug|Any CPU
		Release|Any CPU = Release|Any CPU
	EndGlobalSection
	GlobalSection(ProjectConfigurationPlatforms) = postSolution
		{5F6E5BED-F389-415D-B58A-9671A3EFF549}.Debug|Any CPU.ActiveCfg = Debug|Any CPU
		{5F6E5BED-F389-415D-B58A-9671A3EFF549}.Debug|Any CPU.Build.0 = Debug|Any CPU
		{5F6E5BED-F389-415D-B58A-9671A3EFF549}.Release|Any CPU.ActiveCfg = Release|Any CPU
		{5F6E5BED-F389-415D-B58A-9671A3EFF549}.Release|Any CPU.Build.0 = Release|Any CPU
	EndGlobalSection
	GlobalSection(SolutionProperties) = preSolution
		HideSolutionNode = FALSE
	EndGlobalSection
	GlobalSection(ExtensibilityGlobals) = postSolution
		SolutionGuid = {58C4F931-9343-4DEF-8ED6-D00CF3AB754B}
	EndGlobalSection
EndGlobal
